version: 6
environments:
  default:
    channels:
    - url: https://conda.anaconda.org/conda-forge/
    indexes:
    - https://pypi.org/simple
    options:
      pypi-prerelease-mode: if-necessary-or-explicit
    packages:
      osx-arm64:
      - conda: https://conda.anaconda.org/conda-forge/osx-arm64/bzip2-1.0.8-hd037594_9.conda
      - conda: https://conda.anaconda.org/conda-forge/noarch/ca-certificates-2026.2.25-hbd8a1cb_0.conda
      - conda: https://conda.anaconda.org/conda-forge/osx-arm64/icu-78.2-h38cb7af_0.conda
      - conda: https://conda.anaconda.org/conda-forge/osx-arm64/libexpat-2.7.4-hf6b4638_0.conda
      - conda: https://conda.anaconda.org/conda-forge/osx-arm64/libffi-3.5.2-hcf2aa1b_0.conda
      - conda: https://conda.anaconda.org/conda-forge/osx-arm64/liblzma-5.8.2-h8088a28_0.conda
      - conda: https://conda.anaconda.org/conda-forge/osx-arm64/libsqlite-3.51.2-h1ae2325_0.conda
      - conda: https://conda.anaconda.org/conda-forge/osx-arm64/libzlib-1.3.1-h8359307_2.conda
      - conda: https://conda.anaconda.org/conda-forge/osx-arm64/ncurses-6.5-h5e97a16_3.conda
      - conda: https://conda.anaconda.org/conda-forge/osx-arm64/openssl-3.6.1-hd24854e_1.conda
      - conda: https://conda.anaconda.org/conda-forge/osx-arm64/python-3.12.12-h18782d2_2_cpython.conda
      - conda: https://conda.anaconda.org/conda-forge/osx-arm64/readline-8.3-h46df422_0.conda
      - conda: https://conda.anaconda.org/conda-forge/osx-arm64/tk-8.6.13-h010d191_3.conda
      - conda: https://conda.anaconda.org/conda-forge/noarch/tzdata-2025c-hc9c84f9_1.conda
      - pypi: https://files.pythonhosted.org/packages/3a/2a/7cc015f5b9f5db42b7d48157e23356022889fc354a2813c15934b7cb5c0e/attrs-25.4.0-py3-none-any.whl
      - pypi: https://files.pythonhosted.org/packages/51/ac/e5d886f892666d2d1e5cb8c1a41146e1d79ae8896477b1153a21711d3b44/fasteners-0.20-py3-none-any.whl
      - pypi: https://files.pythonhosted.org/packages/cb/a8/20d0723294217e47de6d9e2e40fd4a9d2f7c4b6ef974babd482a59743694/fastjsonschema-2.21.2-py3-none-any.whl
      - pypi: https://files.pythonhosted.org/packages/a4/5e/3c6f6e0430813c7aefe784d00c6711166f46225f5d229546eb53032c3707/h5py-3.15.1-cp312-cp312-macosx_11_0_arm64.whl
      - pypi: https://files.pythonhosted.org/packages/62/a1/3d680cbfd5f4b8f15abc1d571870c5fc3e594bb582bc3b64ea099db13e56/jinja2-3.1.6-py3-none-any.whl
      - pypi: https://files.pythonhosted.org/packages/69/90/f63fb5873511e014207a475e2bb4e8b2e570d655b00ac19a9a0ca0a385ee/jsonschema-4.26.0-py3-none-any.whl
      - pypi: https://files.pythonhosted.org/packages/41/45/1a4ed80516f02155c51f51e8cedb3c1902296743db0bbc66608a0db2814f/jsonschema_specifications-2025.9.1-py3-none-any.whl
      - pypi: https://files.pythonhosted.org/packages/e7/e7/80988e32bf6f73919a113473a604f5a8f09094de312b9d52b79c2df7612b/jupyter_core-5.9.1-py3-none-any.whl
      - pypi: https://files.pythonhosted.org/packages/9a/81/7e4e08678a1f98521201c3079f77db69fb552acd56067661f8c2f534a718/markupsafe-3.0.3-cp312-cp312-macosx_11_0_arm64.whl
      - pypi: https://files.pythonhosted.org/packages/43/e3/7d92a15f894aa0c9c4b49b8ee9ac9850d6e63b03c9c32c0367a13ae62209/mpmath-1.3.0-py3-none-any.whl
      - pypi: https://files.pythonhosted.org/packages/8a/20/6eca772d1a5830336f84aca1d8198e5a3f4715cd1c7fc36d3cc7f7185091/msgpack-python-0.5.6.tar.gz
      - pypi: https://files.pythonhosted.org/packages/a9/82/0340caa499416c78e5d8f5f05947ae4bc3cba53c9f038ab6e9ed964e22f1/nbformat-5.10.4-py3-none-any.whl
      - pypi: https://files.pythonhosted.org/packages/b9/54/dd730b32ea14ea797530a4479b2ed46a6fb250f682a9cfb997e968bf0261/networkx-3.4.2-py3-none-any.whl
      - pypi: https://files.pythonhosted.org/packages/45/93/b6760dd1904c2a498e5f43d1bb436f59383c3ddea3815f1461dfaa259373/numexpr-2.14.1-cp312-cp312-macosx_11_0_arm64.whl
      - pypi: https://files.pythonhosted.org/packages/66/ee/560deadcdde6c2f90200450d5938f63a34b37e27ebff162810f716f6a230/numpy-2.2.6-cp312-cp312-macosx_11_0_arm64.whl
      - pypi: https://files.pythonhosted.org/packages/5c/bd/bf8064d9cfa214294356c2d6702b716d3cf3bb24be59287a6a21e24cae6b/pandas-2.3.3-cp312-cp312-macosx_11_0_arm64.whl
      - pypi: https://files.pythonhosted.org/packages/9e/c3/059298687310d527a58bb01f3b1965787ee3b40dce76752eda8b44e9a2c5/pexpect-4.9.0-py2.py3-none-any.whl
      - pypi: https://files.pythonhosted.org/packages/48/31/05e764397056194206169869b50cf2fee4dbbbc71b344705b9c0d878d4d8/platformdirs-4.9.2-py3-none-any.whl
      - pypi: https://files.pythonhosted.org/packages/80/c4/f5af4c1ca8c1eeb2e92ccca14ce8effdeec651d5ab6053c589b074eda6e1/psutil-7.2.2-cp36-abi3-macosx_11_0_arm64.whl
      - pypi: https://files.pythonhosted.org/packages/ab/b3/b54301811173ca94119eb474634f120a49cd370f257d1aae5a4abaf12729/PTable-0.9.2.tar.gz
      - pypi: https://files.pythonhosted.org/packages/22/a6/858897256d0deac81a172289110f31629fc4cee19b6f01283303e18c8db3/ptyprocess-0.7.0-py2.py3-none-any.whl
      - pypi: https://files.pythonhosted.org/packages/9a/4b/4166bb5abbfe6f750fc60ad337c43ecf61340fa52ab386da6e8dbf9e63c4/pyarrow-23.0.1-cp312-cp312-macosx_12_0_arm64.whl
      - pypi: https://files.pythonhosted.org/packages/7e/32/a7125fb28c4261a627f999d5fb4afff25b523800faed2c30979949d6facd/pydot-4.0.1-py3-none-any.whl
      - pypi: https://files.pythonhosted.org/packages/60/bf/62567830b700d9f6930e9ab6831d6ba256f7b0b730acb37278b0ccdffacf/pydotplus-2.0.2.tar.gz
      - pypi: https://files.pythonhosted.org/packages/c7/21/705964c7812476f378728bdf590ca4b771ec72385c533964653c68e86bdc/pygments-2.19.2-py3-none-any.whl
      - pypi: https://files.pythonhosted.org/packages/10/bd/c038d7cc38edc1aa5bf91ab8068b63d4308c66c4c8bb3cbba7dfbc049f9c/pyparsing-3.3.2-py3-none-any.whl
      - pypi: https://files.pythonhosted.org/packages/ec/57/56b9bcc3c9c6a792fcbaf139543cee77261f3651ca9da0c93f5c1221264b/python_dateutil-2.9.0.post0-py2.py3-none-any.whl
      - pypi: https://files.pythonhosted.org/packages/81/c4/34e93fe5f5429d7570ec1fa436f1986fb1f00c3e0f43a589fe2bbcd22c3f/pytz-2025.2-py2.py3-none-any.whl
      - pypi: https://files.pythonhosted.org/packages/89/a0/6cf41a19a1f2f3feab0e9c0b74134aa2ce6849093d5517a0c550fe37a648/pyyaml-6.0.3-cp312-cp312-macosx_11_0_arm64.whl
      - pypi: https://files.pythonhosted.org/packages/92/e7/038aab64a946d535901103da16b953c8c9cc9c961dadcbf3609ed6428d23/pyzmq-27.1.0-cp312-abi3-macosx_10_15_universal2.whl
      - pypi: https://files.pythonhosted.org/packages/2c/58/ca301544e1fa93ed4f80d724bf5b194f6e4b945841c5bfd555878eea9fcb/referencing-0.37.0-py3-none-any.whl
      - pypi: https://files.pythonhosted.org/packages/4d/a1/bca7fd3d452b272e13335db8d6b0b3ecde0f90ad6f16f3328c6fb150c889/rpds_py-0.30.0-cp312-cp312-macosx_11_0_arm64.whl
      - pypi: https://files.pythonhosted.org/packages/b7/ce/149a00dd41f10bc29e5921b496af8b574d8413afcd5e30dfa0ed46c2cc5e/six-1.17.0-py2.py3-none-any.whl
      - pypi: git+https://github.com/vatlab/sos-pbs.git#7ee28782185265714131aea551692d343ec1f36f
      - pypi: git+https://github.com/vatlab/sos.git#0204605cc62734795c8c0b900368c046e17c31ac
      - pypi: https://files.pythonhosted.org/packages/80/88/74eb470223ff88ea6572a132c0b8de8c1d8ed7b843d3b44a8a3c77f31d39/sqlalchemy-2.0.47-cp312-cp312-macosx_11_0_arm64.whl
      - pypi: https://files.pythonhosted.org/packages/a2/09/77d55d46fd61b4a135c444fc97158ef34a095e5681d0a6c10b75bf356191/sympy-1.14.0-py3-none-any.whl
      - pypi: https://files.pythonhosted.org/packages/16/e1/3079a9ff9b8e11b846c6ac5c8b5bfb7ff225eee721825310c91b3b50304f/tqdm-4.67.3-py3-none-any.whl
      - pypi: https://files.pythonhosted.org/packages/00/c0/8f5d070730d7836adc9c9b6408dec68c6ced86b304a9b26a14df072a6e8c/traitlets-5.14.3-py3-none-any.whl
      - pypi: https://files.pythonhosted.org/packages/18/67/36e9267722cc04a6b9f15c7f3441c2363321a3ea07da7ae0c0707beb2a9c/typing_extensions-4.15.0-py3-none-any.whl
      - pypi: https://files.pythonhosted.org/packages/c7/b0/003792df09decd6849a5e39c28b513c06e84436a54440380862b5aeff25d/tzdata-2025.3-py2.py3-none-any.whl
      - pypi: https://files.pythonhosted.org/packages/c2/14/e2a54fabd4f08cd7af1c07030603c3356b74da07f7cc056e600436edfa17/tzlocal-5.3.1-py3-none-any.whl
      - pypi: ./
packages:
- pypi: https://files.pythonhosted.org/packages/3a/2a/7cc015f5b9f5db42b7d48157e23356022889fc354a2813c15934b7cb5c0e/attrs-25.4.0-py3-none-any.whl
  name: attrs
  version: 25.4.0
  sha256: adcf7e2a1fb3b36ac48d97835bb6d8ade15b8dcce26aba8bf1d14847b57a3373
  requires_python: '>=3.9'
- conda: https://conda.anaconda.org/conda-forge/osx-arm64/bzip2-1.0.8-hd037594_9.conda
  sha256: 540fe54be35fac0c17feefbdc3e29725cce05d7367ffedfaaa1bdda234b019df
  md5: 620b85a3f45526a8bc4d23fd78fc22f0
  depends:
  - __osx >=11.0
  license: bzip2-1.0.6
  license_family: BSD
  purls: []
  size: 124834
  timestamp: 1771350416561
- conda: https://conda.anaconda.org/conda-forge/noarch/ca-certificates-2026.2.25-hbd8a1cb_0.conda
  sha256: 67cc7101b36421c5913a1687ef1b99f85b5d6868da3abbf6ec1a4181e79782fc
  md5: 4492fd26db29495f0ba23f146cd5638d
  depends:
  - __unix
  license: ISC
  purls: []
  size: 147413
  timestamp: 1772006283803
- pypi: ./
  name: dsc
  version: 0.4.3.5
  sha256: 7e9a1c2731133d34a531794e108161a166b4571187696943043752a712071791
  requires_dist:
  - numpy
  - pandas>=0.24.1
  - sympy
  - numexpr
  - sos>=0.22.5
  - sos-pbs>=0.20.3
  - h5py
  - ptable
  - pyarrow>=0.5.0
  - sqlalchemy
  - tzlocal
  - msgpack-python
- pypi: https://files.pythonhosted.org/packages/51/ac/e5d886f892666d2d1e5cb8c1a41146e1d79ae8896477b1153a21711d3b44/fasteners-0.20-py3-none-any.whl
  name: fasteners
  version: '0.20'
  sha256: 9422c40d1e350e4259f509fb2e608d6bc43c0136f79a00db1b49046029d0b3b7
  requires_python: '>=3.6'
- pypi: https://files.pythonhosted.org/packages/cb/a8/20d0723294217e47de6d9e2e40fd4a9d2f7c4b6ef974babd482a59743694/fastjsonschema-2.21.2-py3-none-any.whl
  name: fastjsonschema
  version: 2.21.2
  sha256: 1c797122d0a86c5cace2e54bf4e819c36223b552017172f32c5c024a6b77e463
  requires_dist:
  - colorama ; extra == 'devel'
  - jsonschema ; extra == 'devel'
  - json-spec ; extra == 'devel'
  - pylint ; extra == 'devel'
  - pytest ; extra == 'devel'
  - pytest-benchmark ; extra == 'devel'
  - pytest-cache ; extra == 'devel'
  - validictory ; extra == 'devel'
- pypi: https://files.pythonhosted.org/packages/a4/5e/3c6f6e0430813c7aefe784d00c6711166f46225f5d229546eb53032c3707/h5py-3.15.1-cp312-cp312-macosx_11_0_arm64.whl
  name: h5py
  version: 3.15.1
  sha256: b51469890e58e85d5242e43aab29f5e9c7e526b951caab354f3ded4ac88e7b76
  requires_dist:
  - numpy>=1.21.2
  requires_python: '>=3.10'
- conda: https://conda.anaconda.org/conda-forge/osx-arm64/icu-78.2-h38cb7af_0.conda
  sha256: d4cefbca587429d1192509edc52c88de52bc96c2447771ddc1f8bee928aed5ef
  md5: 1e93aca311da0210e660d2247812fa02
  depends:
  - __osx >=11.0
  license: MIT
  license_family: MIT
  purls: []
  size: 12358010
  timestamp: 1767970350308
- pypi: https://files.pythonhosted.org/packages/62/a1/3d680cbfd5f4b8f15abc1d571870c5fc3e594bb582bc3b64ea099db13e56/jinja2-3.1.6-py3-none-any.whl
  name: jinja2
  version: 3.1.6
  sha256: 85ece4451f492d0c13c5dd7c13a64681a86afae63a5f347908daf103ce6d2f67
  requires_dist:
  - markupsafe>=2.0
  - babel>=2.7 ; extra == 'i18n'
  requires_python: '>=3.7'
- pypi: https://files.pythonhosted.org/packages/69/90/f63fb5873511e014207a475e2bb4e8b2e570d655b00ac19a9a0ca0a385ee/jsonschema-4.26.0-py3-none-any.whl
  name: jsonschema
  version: 4.26.0
  sha256: d489f15263b8d200f8387e64b4c3a75f06629559fb73deb8fdfb525f2dab50ce
  requires_dist:
  - attrs>=22.2.0
  - jsonschema-specifications>=2023.3.6
  - referencing>=0.28.4
  - rpds-py>=0.25.0
  - fqdn ; extra == 'format'
  - idna ; extra == 'format'
  - isoduration ; extra == 'format'
  - jsonpointer>1.13 ; extra == 'format'
  - rfc3339-validator ; extra == 'format'
  - rfc3987 ; extra == 'format'
  - uri-template ; extra == 'format'
  - webcolors>=1.11 ; extra == 'format'
  - fqdn ; extra == 'format-nongpl'
  - idna ; extra == 'format-nongpl'
  - isoduration ; extra == 'format-nongpl'
  - jsonpointer>1.13 ; extra == 'format-nongpl'
  - rfc3339-validator ; extra == 'format-nongpl'
  - rfc3986-validator>0.1.0 ; extra == 'format-nongpl'
  - rfc3987-syntax>=1.1.0 ; extra == 'format-nongpl'
  - uri-template ; extra == 'format-nongpl'
  - webcolors>=24.6.0 ; extra == 'format-nongpl'
  requires_python: '>=3.10'
- pypi: https://files.pythonhosted.org/packages/41/45/1a4ed80516f02155c51f51e8cedb3c1902296743db0bbc66608a0db2814f/jsonschema_specifications-2025.9.1-py3-none-any.whl
  name: jsonschema-specifications
  version: 2025.9.1
  sha256: 98802fee3a11ee76ecaca44429fda8a41bff98b00a0f2838151b113f210cc6fe
  requires_dist:
  - referencing>=0.31.0
  requires_python: '>=3.9'
- pypi: https://files.pythonhosted.org/packages/e7/e7/80988e32bf6f73919a113473a604f5a8f09094de312b9d52b79c2df7612b/jupyter_core-5.9.1-py3-none-any.whl
  name: jupyter-core
  version: 5.9.1
  sha256: ebf87fdc6073d142e114c72c9e29a9d7ca03fad818c5d300ce2adc1fb0743407
  requires_dist:
  - platformdirs>=2.5
  - traitlets>=5.3
  - intersphinx-registry ; extra == 'docs'
  - myst-parser ; extra == 'docs'
  - pydata-sphinx-theme ; extra == 'docs'
  - sphinx-autodoc-typehints ; extra == 'docs'
  - sphinxcontrib-spelling ; extra == 'docs'
  - traitlets ; extra == 'docs'
  - ipykernel ; extra == 'test'
  - pre-commit ; extra == 'test'
  - pytest-cov ; extra == 'test'
  - pytest-timeout ; extra == 'test'
  - pytest<9 ; extra == 'test'
  requires_python: '>=3.10'
- conda: https://conda.anaconda.org/conda-forge/osx-arm64/libexpat-2.7.4-hf6b4638_0.conda
  sha256: 03887d8080d6a8fe02d75b80929271b39697ecca7628f0657d7afaea87761edf
  md5: a92e310ae8dfc206ff449f362fc4217f
  depends:
  - __osx >=11.0
  constrains:
  - expat 2.7.4.*
  license: MIT
  license_family: MIT
  purls: []
  size: 68199
  timestamp: 1771260020767
- conda: https://conda.anaconda.org/conda-forge/osx-arm64/libffi-3.5.2-hcf2aa1b_0.conda
  sha256: 6686a26466a527585e6a75cc2a242bf4a3d97d6d6c86424a441677917f28bec7
  md5: 43c04d9cb46ef176bb2a4c77e324d599
  depends:
  - __osx >=11.0
  license: MIT
  license_family: MIT
  purls: []
  size: 40979
  timestamp: 1769456747661
- conda: https://conda.anaconda.org/conda-forge/osx-arm64/liblzma-5.8.2-h8088a28_0.conda
  sha256: 7bfc7ffb2d6a9629357a70d4eadeadb6f88fa26ebc28f606b1c1e5e5ed99dc7e
  md5: 009f0d956d7bfb00de86901d16e486c7
  depends:
  - __osx >=11.0
  constrains:
  - xz 5.8.2.*
  license: 0BSD
  purls: []
  size: 92242
  timestamp: 1768752982486
- conda: https://conda.anaconda.org/conda-forge/osx-arm64/libsqlite-3.51.2-h1ae2325_0.conda
  sha256: 6e9b9f269732cbc4698c7984aa5b9682c168e2a8d1e0406e1ff10091ca046167
  md5: 4b0bf313c53c3e89692f020fb55d5f2c
  depends:
  - __osx >=11.0
  - icu >=78.2,<79.0a0
  - libzlib >=1.3.1,<2.0a0
  license: blessing
  purls: []
  size: 909777
  timestamp: 1768148320535
- conda: https://conda.anaconda.org/conda-forge/osx-arm64/libzlib-1.3.1-h8359307_2.conda
  sha256: ce34669eadaba351cd54910743e6a2261b67009624dbc7daeeafdef93616711b
  md5: 369964e85dc26bfe78f41399b366c435
  depends:
  - __osx >=11.0
  constrains:
  - zlib 1.3.1 *_2
  license: Zlib
  license_family: Other
  purls: []
  size: 46438
  timestamp: 1727963202283
- pypi: https://files.pythonhosted.org/packages/9a/81/7e4e08678a1f98521201c3079f77db69fb552acd56067661f8c2f534a718/markupsafe-3.0.3-cp312-cp312-macosx_11_0_arm64.whl
  name: markupsafe
  version: 3.0.3
  sha256: 1872df69a4de6aead3491198eaf13810b565bdbeec3ae2dc8780f14458ec73ce
  requires_python: '>=3.9'
- pypi: https://files.pythonhosted.org/packages/43/e3/7d92a15f894aa0c9c4b49b8ee9ac9850d6e63b03c9c32c0367a13ae62209/mpmath-1.3.0-py3-none-any.whl
  name: mpmath
  version: 1.3.0
  sha256: a0b2b9fe80bbcd81a6647ff13108738cfb482d481d826cc0e02f5b35e5c88d2c
  requires_dist:
  - pytest>=4.6 ; extra == 'develop'
  - pycodestyle ; extra == 'develop'
  - pytest-cov ; extra == 'develop'
  - codecov ; extra == 'develop'
  - wheel ; extra == 'develop'
  - sphinx ; extra == 'docs'
  - gmpy2>=2.1.0a4 ; platform_python_implementation != 'PyPy' and extra == 'gmpy'
  - pytest>=4.6 ; extra == 'tests'
- pypi: https://files.pythonhosted.org/packages/8a/20/6eca772d1a5830336f84aca1d8198e5a3f4715cd1c7fc36d3cc7f7185091/msgpack-python-0.5.6.tar.gz
  name: msgpack-python
  version: 0.5.6
  sha256: 378cc8a6d3545b532dfd149da715abae4fda2a3adb6d74e525d0d5e51f46909b
- pypi: https://files.pythonhosted.org/packages/a9/82/0340caa499416c78e5d8f5f05947ae4bc3cba53c9f038ab6e9ed964e22f1/nbformat-5.10.4-py3-none-any.whl
  name: nbformat
  version: 5.10.4
  sha256: 3b48d6c8fbca4b299bf3982ea7db1af21580e4fec269ad087b9e81588891200b
  requires_dist:
  - fastjsonschema>=2.15
  - jsonschema>=2.6
  - jupyter-core>=4.12,!=5.0.*
  - traitlets>=5.1
  - myst-parser ; extra == 'docs'
  - pydata-sphinx-theme ; extra == 'docs'
  - sphinx ; extra == 'docs'
  - sphinxcontrib-github-alt ; extra == 'docs'
  - sphinxcontrib-spelling ; extra == 'docs'
  - pep440 ; extra == 'test'
  - pre-commit ; extra == 'test'
  - pytest ; extra == 'test'
  - testpath ; extra == 'test'
  requires_python: '>=3.8'
- conda: https://conda.anaconda.org/conda-forge/osx-arm64/ncurses-6.5-h5e97a16_3.conda
  sha256: 2827ada40e8d9ca69a153a45f7fd14f32b2ead7045d3bbb5d10964898fe65733
  md5: 068d497125e4bf8a66bf707254fff5ae
  depends:
  - __osx >=11.0
  license: X11 AND BSD-3-Clause
  purls: []
  size: 797030
  timestamp: 1738196177597
- pypi: https://files.pythonhosted.org/packages/b9/54/dd730b32ea14ea797530a4479b2ed46a6fb250f682a9cfb997e968bf0261/networkx-3.4.2-py3-none-any.whl
  name: networkx
  version: 3.4.2
  sha256: df5d4365b724cf81b8c6a7312509d0c22386097011ad1abe274afd5e9d3bbc5f
  requires_dist:
  - numpy>=1.24 ; extra == 'default'
  - scipy>=1.10,!=1.11.0,!=1.11.1 ; extra == 'default'
  - matplotlib>=3.7 ; extra == 'default'
  - pandas>=2.0 ; extra == 'default'
  - changelist==0.5 ; extra == 'developer'
  - pre-commit>=3.2 ; extra == 'developer'
  - mypy>=1.1 ; extra == 'developer'
  - rtoml ; extra == 'developer'
  - sphinx>=7.3 ; extra == 'doc'
  - pydata-sphinx-theme>=0.15 ; extra == 'doc'
  - sphinx-gallery>=0.16 ; extra == 'doc'
  - numpydoc>=1.8.0 ; extra == 'doc'
  - pillow>=9.4 ; extra == 'doc'
  - texext>=0.6.7 ; extra == 'doc'
  - myst-nb>=1.1 ; extra == 'doc'
  - intersphinx-registry ; extra == 'doc'
  - osmnx>=1.9 ; extra == 'example'
  - momepy>=0.7.2 ; extra == 'example'
  - contextily>=1.6 ; extra == 'example'
  - seaborn>=0.13 ; extra == 'example'
  - cairocffi>=1.7 ; extra == 'example'
  - igraph>=0.11 ; extra == 'example'
  - scikit-learn>=1.5 ; extra == 'example'
  - lxml>=4.6 ; extra == 'extra'
  - pygraphviz>=1.14 ; extra == 'extra'
  - pydot>=3.0.1 ; extra == 'extra'
  - sympy>=1.10 ; extra == 'extra'
  - pytest>=7.2 ; extra == 'test'
  - pytest-cov>=4.0 ; extra == 'test'
  requires_python: '>=3.10'
- pypi: https://files.pythonhosted.org/packages/45/93/b6760dd1904c2a498e5f43d1bb436f59383c3ddea3815f1461dfaa259373/numexpr-2.14.1-cp312-cp312-macosx_11_0_arm64.whl
  name: numexpr
  version: 2.14.1
  sha256: 47041f2f7b9e69498fb311af672ba914a60e6e6d804011caacb17d66f639e659
  requires_dist:
  - numpy>=1.23.0
  requires_python: '>=3.10'
- pypi: https://files.pythonhosted.org/packages/66/ee/560deadcdde6c2f90200450d5938f63a34b37e27ebff162810f716f6a230/numpy-2.2.6-cp312-cp312-macosx_11_0_arm64.whl
  name: numpy
  version: 2.2.6
  sha256: de749064336d37e340f640b05f24e9e3dd678c57318c7289d222a8a2f543e90c
  requires_python: '>=3.10'
- conda: https://conda.anaconda.org/conda-forge/osx-arm64/openssl-3.6.1-hd24854e_1.conda
  sha256: 361f5c5e60052abc12bdd1b50d7a1a43e6a6653aab99a2263bf2288d709dcf67
  md5: f4f6ad63f98f64191c3e77c5f5f29d76
  depends:
  - __osx >=11.0
  - ca-certificates
  license: Apache-2.0
  license_family: Apache
  purls: []
  size: 3104268
  timestamp: 1769556384749
- pypi: https://files.pythonhosted.org/packages/5c/bd/bf8064d9cfa214294356c2d6702b716d3cf3bb24be59287a6a21e24cae6b/pandas-2.3.3-cp312-cp312-macosx_11_0_arm64.whl
  name: pandas
  version: 2.3.3
  sha256: 3fd2f887589c7aa868e02632612ba39acb0b8948faf5cc58f0850e165bd46f35
  requires_dist:
  - numpy>=1.22.4 ; python_full_version < '3.11'
  - numpy>=1.23.2 ; python_full_version == '3.11.*'
  - numpy>=1.26.0 ; python_full_version >= '3.12'
  - python-dateutil>=2.8.2
  - pytz>=2020.1
  - tzdata>=2022.7
  - hypothesis>=6.46.1 ; extra == 'test'
  - pytest>=7.3.2 ; extra == 'test'
  - pytest-xdist>=2.2.0 ; extra == 'test'
  - pyarrow>=10.0.1 ; extra == 'pyarrow'
  - bottleneck>=1.3.6 ; extra == 'performance'
  - numba>=0.56.4 ; extra == 'performance'
  - numexpr>=2.8.4 ; extra == 'performance'
  - scipy>=1.10.0 ; extra == 'computation'
  - xarray>=2022.12.0 ; extra == 'computation'
  - fsspec>=2022.11.0 ; extra == 'fss'
  - s3fs>=2022.11.0 ; extra == 'aws'
  - gcsfs>=2022.11.0 ; extra == 'gcp'
  - pandas-gbq>=0.19.0 ; extra == 'gcp'
  - odfpy>=1.4.1 ; extra == 'excel'
  - openpyxl>=3.1.0 ; extra == 'excel'
  - python-calamine>=0.1.7 ; extra == 'excel'
  - pyxlsb>=1.0.10 ; extra == 'excel'
  - xlrd>=2.0.1 ; extra == 'excel'
  - xlsxwriter>=3.0.5 ; extra == 'excel'
  - pyarrow>=10.0.1 ; extra == 'parquet'
  - pyarrow>=10.0.1 ; extra == 'feather'
  - tables>=3.8.0 ; extra == 'hdf5'
  - pyreadstat>=1.2.0 ; extra == 'spss'
  - sqlalchemy>=2.0.0 ; extra == 'postgresql'
  - psycopg2>=2.9.6 ; extra == 'postgresql'
  - adbc-driver-postgresql>=0.8.0 ; extra == 'postgresql'
  - sqlalchemy>=2.0.0 ; extra == 'mysql'
  - pymysql>=1.0.2 ; extra == 'mysql'
  - sqlalchemy>=2.0.0 ; extra == 'sql-other'
  - adbc-driver-postgresql>=0.8.0 ; extra == 'sql-other'
  - adbc-driver-sqlite>=0.8.0 ; extra == 'sql-other'
  - beautifulsoup4>=4.11.2 ; extra == 'html'
  - html5lib>=1.1 ; extra == 'html'
  - lxml>=4.9.2 ; extra == 'html'
  - lxml>=4.9.2 ; extra == 'xml'
  - matplotlib>=3.6.3 ; extra == 'plot'
  - jinja2>=3.1.2 ; extra == 'output-formatting'
  - tabulate>=0.9.0 ; extra == 'output-formatting'
  - pyqt5>=5.15.9 ; extra == 'clipboard'
  - qtpy>=2.3.0 ; extra == 'clipboard'
  - zstandard>=0.19.0 ; extra == 'compression'
  - dataframe-api-compat>=0.1.7 ; extra == 'consortium-standard'
  - adbc-driver-postgresql>=0.8.0 ; extra == 'all'
  - adbc-driver-sqlite>=0.8.0 ; extra == 'all'
  - beautifulsoup4>=4.11.2 ; extra == 'all'
  - bottleneck>=1.3.6 ; extra == 'all'
  - dataframe-api-compat>=0.1.7 ; extra == 'all'
  - fastparquet>=2022.12.0 ; extra == 'all'
  - fsspec>=2022.11.0 ; extra == 'all'
  - gcsfs>=2022.11.0 ; extra == 'all'
  - html5lib>=1.1 ; extra == 'all'
  - hypothesis>=6.46.1 ; extra == 'all'
  - jinja2>=3.1.2 ; extra == 'all'
  - lxml>=4.9.2 ; extra == 'all'
  - matplotlib>=3.6.3 ; extra == 'all'
  - numba>=0.56.4 ; extra == 'all'
  - numexpr>=2.8.4 ; extra == 'all'
  - odfpy>=1.4.1 ; extra == 'all'
  - openpyxl>=3.1.0 ; extra == 'all'
  - pandas-gbq>=0.19.0 ; extra == 'all'
  - psycopg2>=2.9.6 ; extra == 'all'
  - pyarrow>=10.0.1 ; extra == 'all'
  - pymysql>=1.0.2 ; extra == 'all'
  - pyqt5>=5.15.9 ; extra == 'all'
  - pyreadstat>=1.2.0 ; extra == 'all'
  - pytest>=7.3.2 ; extra == 'all'
  - pytest-xdist>=2.2.0 ; extra == 'all'
  - python-calamine>=0.1.7 ; extra == 'all'
  - pyxlsb>=1.0.10 ; extra == 'all'
  - qtpy>=2.3.0 ; extra == 'all'
  - scipy>=1.10.0 ; extra == 'all'
  - s3fs>=2022.11.0 ; extra == 'all'
  - sqlalchemy>=2.0.0 ; extra == 'all'
  - tables>=3.8.0 ; extra == 'all'
  - tabulate>=0.9.0 ; extra == 'all'
  - xarray>=2022.12.0 ; extra == 'all'
  - xlrd>=2.0.1 ; extra == 'all'
  - xlsxwriter>=3.0.5 ; extra == 'all'
  - zstandard>=0.19.0 ; extra == 'all'
  requires_python: '>=3.9'
- pypi: https://files.pythonhosted.org/packages/9e/c3/059298687310d527a58bb01f3b1965787ee3b40dce76752eda8b44e9a2c5/pexpect-4.9.0-py2.py3-none-any.whl
  name: pexpect
  version: 4.9.0
  sha256: 7236d1e080e4936be2dc3e326cec0af72acf9212a7e1d060210e70a47e253523
  requires_dist:
  - ptyprocess>=0.5
- pypi: https://files.pythonhosted.org/packages/48/31/05e764397056194206169869b50cf2fee4dbbbc71b344705b9c0d878d4d8/platformdirs-4.9.2-py3-none-any.whl
  name: platformdirs
  version: 4.9.2
  sha256: 9170634f126f8efdae22fb58ae8a0eaa86f38365bc57897a6c4f781d1f5875bd
  requires_python: '>=3.10'
- pypi: https://files.pythonhosted.org/packages/80/c4/f5af4c1ca8c1eeb2e92ccca14ce8effdeec651d5ab6053c589b074eda6e1/psutil-7.2.2-cp36-abi3-macosx_11_0_arm64.whl
  name: psutil
  version: 7.2.2
  sha256: 1a7b04c10f32cc88ab39cbf606e117fd74721c831c98a27dc04578deb0c16979
  requires_dist:
  - psleak ; extra == 'dev'
  - pytest ; extra == 'dev'
  - pytest-instafail ; extra == 'dev'
  - pytest-xdist ; extra == 'dev'
  - setuptools ; extra == 'dev'
  - abi3audit ; extra == 'dev'
  - black ; extra == 'dev'
  - check-manifest ; extra == 'dev'
  - coverage ; extra == 'dev'
  - packaging ; extra == 'dev'
  - pylint ; extra == 'dev'
  - pyperf ; extra == 'dev'
  - pypinfo ; extra == 'dev'
  - pytest-cov ; extra == 'dev'
  - requests ; extra == 'dev'
  - rstcheck ; extra == 'dev'
  - ruff ; extra == 'dev'
  - sphinx ; extra == 'dev'
  - sphinx-rtd-theme ; extra == 'dev'
  - toml-sort ; extra == 'dev'
  - twine ; extra == 'dev'
  - validate-pyproject[all] ; extra == 'dev'
  - virtualenv ; extra == 'dev'
  - vulture ; extra == 'dev'
  - wheel ; extra == 'dev'
  - colorama ; os_name == 'nt' and extra == 'dev'
  - pyreadline3 ; os_name == 'nt' and extra == 'dev'
  - pywin32 ; implementation_name != 'pypy' and os_name == 'nt' and extra == 'dev'
  - wheel ; implementation_name != 'pypy' and os_name == 'nt' and extra == 'dev'
  - wmi ; implementation_name != 'pypy' and os_name == 'nt' and extra == 'dev'
  - psleak ; extra == 'test'
  - pytest ; extra == 'test'
  - pytest-instafail ; extra == 'test'
  - pytest-xdist ; extra == 'test'
  - setuptools ; extra == 'test'
  - pywin32 ; implementation_name != 'pypy' and os_name == 'nt' and extra == 'test'
  - wheel ; implementation_name != 'pypy' and os_name == 'nt' and extra == 'test'
  - wmi ; implementation_name != 'pypy' and os_name == 'nt' and extra == 'test'
  requires_python: '>=3.6'
- pypi: https://files.pythonhosted.org/packages/ab/b3/b54301811173ca94119eb474634f120a49cd370f257d1aae5a4abaf12729/PTable-0.9.2.tar.gz
  name: ptable
  version: 0.9.2
  sha256: aa7fc151cb40f2dabcd2275ba6f7fd0ff8577a86be3365cd3fb297cbe09cc292
- pypi: https://files.pythonhosted.org/packages/22/a6/858897256d0deac81a172289110f31629fc4cee19b6f01283303e18c8db3/ptyprocess-0.7.0-py2.py3-none-any.whl
  name: ptyprocess
  version: 0.7.0
  sha256: 4b41f3967fce3af57cc7e94b888626c18bf37a083e3651ca8feeb66d492fef35
- pypi: https://files.pythonhosted.org/packages/9a/4b/4166bb5abbfe6f750fc60ad337c43ecf61340fa52ab386da6e8dbf9e63c4/pyarrow-23.0.1-cp312-cp312-macosx_12_0_arm64.whl
  name: pyarrow
  version: 23.0.1
  sha256: f4b0dbfa124c0bb161f8b5ebb40f1a680b70279aa0c9901d44a2b5a20806039f
  requires_python: '>=3.10'
- pypi: https://files.pythonhosted.org/packages/7e/32/a7125fb28c4261a627f999d5fb4afff25b523800faed2c30979949d6facd/pydot-4.0.1-py3-none-any.whl
  name: pydot
  version: 4.0.1
  sha256: 869c0efadd2708c0be1f916eb669f3d664ca684bc57ffb7ecc08e70d5e93fee6
  requires_dist:
  - pyparsing>=3.1.0
  - ruff ; extra == 'lint'
  - mypy ; extra == 'types'
  - pydot[lint] ; extra == 'dev'
  - pydot[types] ; extra == 'dev'
  - chardet ; extra == 'dev'
  - parameterized ; extra == 'dev'
  - pydot[dev] ; extra == 'tests'
  - tox ; extra == 'tests'
  - pytest ; extra == 'tests'
  - pytest-cov ; extra == 'tests'
  - pytest-xdist[psutil] ; extra == 'tests'
  - zest-releaser[recommended] ; extra == 'release'
  requires_python: '>=3.8'
- pypi: https://files.pythonhosted.org/packages/60/bf/62567830b700d9f6930e9ab6831d6ba256f7b0b730acb37278b0ccdffacf/pydotplus-2.0.2.tar.gz
  name: pydotplus
  version: 2.0.2
  sha256: 91e85e9ee9b85d2391ead7d635e3d9c7f5f44fd60a60e59b13e2403fa66505c4
  requires_dist:
  - pyparsing>=2.0.1
- pypi: https://files.pythonhosted.org/packages/c7/21/705964c7812476f378728bdf590ca4b771ec72385c533964653c68e86bdc/pygments-2.19.2-py3-none-any.whl
  name: pygments
  version: 2.19.2
  sha256: 86540386c03d588bb81d44bc3928634ff26449851e99741617ecb9037ee5ec0b
  requires_dist:
  - colorama>=0.4.6 ; extra == 'windows-terminal'
  requires_python: '>=3.8'
- pypi: https://files.pythonhosted.org/packages/10/bd/c038d7cc38edc1aa5bf91ab8068b63d4308c66c4c8bb3cbba7dfbc049f9c/pyparsing-3.3.2-py3-none-any.whl
  name: pyparsing
  version: 3.3.2
  sha256: 850ba148bd908d7e2411587e247a1e4f0327839c40e2e5e6d05a007ecc69911d
  requires_dist:
  - railroad-diagrams ; extra == 'diagrams'
  - jinja2 ; extra == 'diagrams'
  requires_python: '>=3.9'
- conda: https://conda.anaconda.org/conda-forge/osx-arm64/python-3.12.12-h18782d2_2_cpython.conda
  build_number: 2
  sha256: 765e5d0f92dabc8c468d078a4409490e08181a6f9be6f5d5802a4e3131b9a69c
  md5: e198b8f74b12292d138eb4eceb004fa3
  depends:
  - __osx >=11.0
  - bzip2 >=1.0.8,<2.0a0
  - libexpat >=2.7.3,<3.0a0
  - libffi >=3.5.2,<3.6.0a0
  - liblzma >=5.8.2,<6.0a0
  - libsqlite >=3.51.2,<4.0a0
  - libzlib >=1.3.1,<2.0a0
  - ncurses >=6.5,<7.0a0
  - openssl >=3.5.4,<4.0a0
  - readline >=8.3,<9.0a0
  - tk >=8.6.13,<8.7.0a0
  - tzdata
  constrains:
  - python_abi 3.12.* *_cp312
  license: Python-2.0
  purls: []
  size: 12953358
  timestamp: 1769472376612
- pypi: https://files.pythonhosted.org/packages/ec/57/56b9bcc3c9c6a792fcbaf139543cee77261f3651ca9da0c93f5c1221264b/python_dateutil-2.9.0.post0-py2.py3-none-any.whl
  name: python-dateutil
  version: 2.9.0.post0
  sha256: a8b2bc7bffae282281c8140a97d3aa9c14da0b136dfe83f850eea9a5f7470427
  requires_dist:
  - six>=1.5
  requires_python: '>=2.7,!=3.0.*,!=3.1.*,!=3.2.*'
- pypi: https://files.pythonhosted.org/packages/81/c4/34e93fe5f5429d7570ec1fa436f1986fb1f00c3e0f43a589fe2bbcd22c3f/pytz-2025.2-py2.py3-none-any.whl
  name: pytz
  version: '2025.2'
  sha256: 5ddf76296dd8c44c26eb8f4b6f35488f3ccbf6fbbd7adee0b7262d43f0ec2f00
- pypi: https://files.pythonhosted.org/packages/89/a0/6cf41a19a1f2f3feab0e9c0b74134aa2ce6849093d5517a0c550fe37a648/pyyaml-6.0.3-cp312-cp312-macosx_11_0_arm64.whl
  name: pyyaml
  version: 6.0.3
  sha256: fc09d0aa354569bc501d4e787133afc08552722d3ab34836a80547331bb5d4a0
  requires_python: '>=3.8'
- pypi: https://files.pythonhosted.org/packages/92/e7/038aab64a946d535901103da16b953c8c9cc9c961dadcbf3609ed6428d23/pyzmq-27.1.0-cp312-abi3-macosx_10_15_universal2.whl
  name: pyzmq
  version: 27.1.0
  sha256: 452631b640340c928fa343801b0d07eb0c3789a5ffa843f6e1a9cee0ba4eb4fc
  requires_dist:
  - cffi ; implementation_name == 'pypy'
  requires_python: '>=3.8'
- conda: https://conda.anaconda.org/conda-forge/osx-arm64/readline-8.3-h46df422_0.conda
  sha256: a77010528efb4b548ac2a4484eaf7e1c3907f2aec86123ed9c5212ae44502477
  md5: f8381319127120ce51e081dce4865cf4
  depends:
  - __osx >=11.0
  - ncurses >=6.5,<7.0a0
  license: GPL-3.0-only
  license_family: GPL
  purls: []
  size: 313930
  timestamp: 1765813902568
- pypi: https://files.pythonhosted.org/packages/2c/58/ca301544e1fa93ed4f80d724bf5b194f6e4b945841c5bfd555878eea9fcb/referencing-0.37.0-py3-none-any.whl
  name: referencing
  version: 0.37.0
  sha256: 381329a9f99628c9069361716891d34ad94af76e461dcb0335825aecc7692231
  requires_dist:
  - attrs>=22.2.0
  - rpds-py>=0.7.0
  - typing-extensions>=4.4.0 ; python_full_version < '3.13'
  requires_python: '>=3.10'
- pypi: https://files.pythonhosted.org/packages/4d/a1/bca7fd3d452b272e13335db8d6b0b3ecde0f90ad6f16f3328c6fb150c889/rpds_py-0.30.0-cp312-cp312-macosx_11_0_arm64.whl
  name: rpds-py
  version: 0.30.0
  sha256: 6abc8880d9d036ecaafe709079969f56e876fcf107f7a8e9920ba6d5a3878d05
  requires_python: '>=3.10'
- pypi: https://files.pythonhosted.org/packages/b7/ce/149a00dd41f10bc29e5921b496af8b574d8413afcd5e30dfa0ed46c2cc5e/six-1.17.0-py2.py3-none-any.whl
  name: six
  version: 1.17.0
  sha256: 4721f391ed90541fddacab5acf947aa0d3dc7d27b2e1e8eda2be8970586c3274
  requires_python: '>=2.7,!=3.0.*,!=3.1.*,!=3.2.*'
- pypi: git+https://github.com/vatlab/sos.git#0204605cc62734795c8c0b900368c046e17c31ac
  name: sos
  version: 0.25.2
  requires_dist:
  - fasteners
  - jinja2
  - nbformat
  - networkx!=2.8.3
  - pexpect
  - psutil
  - ptyprocess
  - pydot
  - pydotplus
  - pygments
  - pyyaml
  - pyzmq
  - tqdm
  - build ; extra == 'dev'
  - coverage ; extra == 'dev'
  - invoke>=2.0 ; extra == 'dev'
  - nose ; extra == 'dev'
  - pandas ; extra == 'dev'
  - pre-commit ; extra == 'dev'
  - pytest-cov ; extra == 'dev'
  - pytest-timeout ; extra == 'dev'
  - pytest>=7.0 ; extra == 'dev'
  - ruff ; extra == 'dev'
  - sos-pbs>=0.20.0 ; extra == 'dev'
  - tabulate>=0.9.0 ; extra == 'dev'
  - twine ; extra == 'dev'
  - graphviz ; extra == 'dot'
  - pillow ; extra == 'dot'
  - pandas ; extra == 'test'
  - pytest-cov ; extra == 'test'
  - pytest-timeout ; extra == 'test'
  - pytest>=7.0 ; extra == 'test'
  - sos-pbs>=0.20.0 ; extra == 'test'
  - xxhash ; extra == 'unix'
  - colorama ; extra == 'win'
  requires_python: '>=3.9'
- pypi: git+https://github.com/vatlab/sos-pbs.git#7ee28782185265714131aea551692d343ec1f36f
  name: sos-pbs
  version: 0.20.10
  requires_dist:
  - sos>=0.21.13
- pypi: https://files.pythonhosted.org/packages/80/88/74eb470223ff88ea6572a132c0b8de8c1d8ed7b843d3b44a8a3c77f31d39/sqlalchemy-2.0.47-cp312-cp312-macosx_11_0_arm64.whl
  name: sqlalchemy
  version: 2.0.47
  sha256: 4fa91b19d6b9821c04cc8f7aa2476429cc8887b9687c762815aa629f5c0edec1
  requires_dist:
  - importlib-metadata ; python_full_version < '3.8'
  - greenlet>=1 ; platform_machine == 'AMD64' or platform_machine == 'WIN32' or platform_machine == 'aarch64' or platform_machine == 'amd64' or platform_machine == 'ppc64le' or platform_machine == 'win32' or platform_machine == 'x86_64'
  - typing-extensions>=4.6.0
  - greenlet>=1 ; extra == 'asyncio'
  - mypy>=0.910 ; extra == 'mypy'
  - pyodbc ; extra == 'mssql'
  - pymssql ; extra == 'mssql-pymssql'
  - pyodbc ; extra == 'mssql-pyodbc'
  - mysqlclient>=1.4.0 ; extra == 'mysql'
  - mysql-connector-python ; extra == 'mysql-connector'
  - mariadb>=1.0.1,!=1.1.2,!=1.1.5,!=1.1.10 ; extra == 'mariadb-connector'
  - cx-oracle>=8 ; extra == 'oracle'
  - oracledb>=1.0.1 ; extra == 'oracle-oracledb'
  - psycopg2>=2.7 ; extra == 'postgresql'
  - pg8000>=1.29.1 ; extra == 'postgresql-pg8000'
  - greenlet>=1 ; extra == 'postgresql-asyncpg'
  - asyncpg ; extra == 'postgresql-asyncpg'
  - psycopg2-binary ; extra == 'postgresql-psycopg2binary'
  - psycopg2cffi ; extra == 'postgresql-psycopg2cffi'
  - psycopg>=3.0.7 ; extra == 'postgresql-psycopg'
  - psycopg[binary]>=3.0.7 ; extra == 'postgresql-psycopgbinary'
  - pymysql ; extra == 'pymysql'
  - greenlet>=1 ; extra == 'aiomysql'
  - aiomysql>=0.2.0 ; extra == 'aiomysql'
  - greenlet>=1 ; extra == 'aioodbc'
  - aioodbc ; extra == 'aioodbc'
  - greenlet>=1 ; extra == 'asyncmy'
  - asyncmy>=0.2.3,!=0.2.4,!=0.2.6 ; extra == 'asyncmy'
  - greenlet>=1 ; extra == 'aiosqlite'
  - aiosqlite ; extra == 'aiosqlite'
  - typing-extensions!=3.10.0.1 ; extra == 'aiosqlite'
  - sqlcipher3-binary ; extra == 'sqlcipher'
  requires_python: '>=3.7'
- pypi: https://files.pythonhosted.org/packages/a2/09/77d55d46fd61b4a135c444fc97158ef34a095e5681d0a6c10b75bf356191/sympy-1.14.0-py3-none-any.whl
  name: sympy
  version: 1.14.0
  sha256: e091cc3e99d2141a0ba2847328f5479b05d94a6635cb96148ccb3f34671bd8f5
  requires_dist:
  - mpmath>=1.1.0,<1.4
  - pytest>=7.1.0 ; extra == 'dev'
  - hypothesis>=6.70.0 ; extra == 'dev'
  requires_python: '>=3.9'
- conda: https://conda.anaconda.org/conda-forge/osx-arm64/tk-8.6.13-h010d191_3.conda
  sha256: 799cab4b6cde62f91f750149995d149bc9db525ec12595e8a1d91b9317f038b3
  md5: a9d86bc62f39b94c4661716624eb21b0
  depends:
  - __osx >=11.0
  - libzlib >=1.3.1,<2.0a0
  license: TCL
  license_family: BSD
  purls: []
  size: 3127137
  timestamp: 1769460817696
- pypi: https://files.pythonhosted.org/packages/16/e1/3079a9ff9b8e11b846c6ac5c8b5bfb7ff225eee721825310c91b3b50304f/tqdm-4.67.3-py3-none-any.whl
  name: tqdm
  version: 4.67.3
  sha256: ee1e4c0e59148062281c49d80b25b67771a127c85fc9676d3be5f243206826bf
  requires_dist:
  - colorama ; sys_platform == 'win32'
  - importlib-metadata ; python_full_version < '3.8'
  - pytest>=6 ; extra == 'dev'
  - pytest-cov ; extra == 'dev'
  - pytest-timeout ; extra == 'dev'
  - pytest-asyncio>=0.24 ; extra == 'dev'
  - nbval ; extra == 'dev'
  - requests ; extra == 'discord'
  - slack-sdk ; extra == 'slack'
  - requests ; extra == 'telegram'
  - ipywidgets>=6 ; extra == 'notebook'
  requires_python: '>=3.7'
- pypi: https://files.pythonhosted.org/packages/00/c0/8f5d070730d7836adc9c9b6408dec68c6ced86b304a9b26a14df072a6e8c/traitlets-5.14.3-py3-none-any.whl
  name: traitlets
  version: 5.14.3
  sha256: b74e89e397b1ed28cc831db7aea759ba6640cb3de13090ca145426688ff1ac4f
  requires_dist:
  - myst-parser ; extra == 'docs'
  - pydata-sphinx-theme ; extra == 'docs'
  - sphinx ; extra == 'docs'
  - argcomplete>=3.0.3 ; extra == 'test'
  - mypy>=1.7.0 ; extra == 'test'
  - pre-commit ; extra == 'test'
  - pytest-mock ; extra == 'test'
  - pytest-mypy-testing ; extra == 'test'
  - pytest>=7.0,<8.2 ; extra == 'test'
  requires_python: '>=3.8'
- pypi: https://files.pythonhosted.org/packages/18/67/36e9267722cc04a6b9f15c7f3441c2363321a3ea07da7ae0c0707beb2a9c/typing_extensions-4.15.0-py3-none-any.whl
  name: typing-extensions
  version: 4.15.0
  sha256: f0fa19c6845758ab08074a0cfa8b7aecb71c999ca73d62883bc25cc018c4e548
  requires_python: '>=3.9'
- pypi: https://files.pythonhosted.org/packages/c7/b0/003792df09decd6849a5e39c28b513c06e84436a54440380862b5aeff25d/tzdata-2025.3-py2.py3-none-any.whl
  name: tzdata
  version: '2025.3'
  sha256: 06a47e5700f3081aab02b2e513160914ff0694bce9947d6b76ebd6bf57cfc5d1
  requires_python: '>=2'
- conda: https://conda.anaconda.org/conda-forge/noarch/tzdata-2025c-hc9c84f9_1.conda
  sha256: 1d30098909076af33a35017eed6f2953af1c769e273a0626a04722ac4acaba3c
  md5: ad659d0a2b3e47e38d829aa8cad2d610
  license: LicenseRef-Public-Domain
  purls: []
  size: 119135
  timestamp: 1767016325805
- pypi: https://files.pythonhosted.org/packages/c2/14/e2a54fabd4f08cd7af1c07030603c3356b74da07f7cc056e600436edfa17/tzlocal-5.3.1-py3-none-any.whl
  name: tzlocal
  version: 5.3.1
  sha256: eb1a66c3ef5847adf7a834f1be0800581b683b5608e74f86ecbcef8ab91bb85d
  requires_dist:
  - tzdata ; sys_platform == 'win32'
  - pytest>=4.3 ; extra == 'devenv'
  - pytest-mock>=3.3 ; extra == 'devenv'
  - pytest-cov ; extra == 'devenv'
  - check-manifest ; extra == 'devenv'
  - zest-releaser ; extra == 'devenv'
  requires_python: '>=3.9'
